
Microsoft Visual Studio Solution File, Format Version 12.00
# Visual Studio Version 17
VisualStudioVersion = 17.14.37111.16
MinimumVisualStudioVersion = 10.0.40219.1
Project("{FAE04EC0-301F-11D3-BF4B-00C04F79EFBC}") = "CookingRecipe", "cookingrecipe\CookingRecipe.csproj", "{89640605-6AC1-49A2-BC4B-D7F40EDCFCDB}"
EndProject
Global
	GlobalSection(SolutionConfigurationPlatforms) = preSolution
		Debug|Any CPU = Debug|Any CPU
		Release|Any CPU = Release|Any CPU
	EndGlobalSection
	GlobalSection(ProjectConfigurationPlatforms) = postSolution
		{89640605-6AC1-49A2-BC4B-D7F40EDCFCDB}.Debug|Any CPU.ActiveCfg = Debug|Any CPU
		{89640605-6AC1-49A2-BC4B-D7F40EDCFCDB}.Debug|Any CPU.Build.0 = Debug|Any CPU
		{89640605-6AC1-49A2-BC4B-D7F40EDCFCDB}.Release|Any CPU.ActiveCfg = Release|Any CPU
		{89640605-6AC1-49A2-BC4B-D7F40EDCFCDB}.Release|Any CPU.Build.0 = Release|Any CPU
	EndGlobalSection
	GlobalSection(SolutionProperties) = preSolution
		HideSolutionNode = FALSE
	EndGlobalSection
	GlobalSection(ExtensibilityGlobals) = postSolution
		SolutionGuid = {8FFAB36A-0821-48A8-9941-99606FAA075C}
	EndGlobalSection
EndGlobal
